// !$*UTF8*$!
{
	archiveVersion = 1;
	classes = {
	};
	objectVersion = 77;
	objects = {

/* Begin PBXBuildFile section */
		0996149556DD009217EC0E54 /* ExtensionAssets.xcassets in Resources */ = {isa = PBXBuildFile; fileRef = 9D8F3CDFD10A1AF3B05B3AD9 /* ExtensionAssets.xcassets */; };
		0D001C2D968D153AC7A043F4 /* QuickCapturePanel.swift in Sources */ = {isa = PBXBuildFile; fileRef = 8FBAAAEA6907B4253B04C516 /* QuickCapturePanel.swift */; };
		1071450872F7820F1665F7C8 /* ReceptQueueIntent.swift in Sources */ = {isa = PBXBuildFile; fileRef = A9E7673908D47AA210526BE9 /* ReceptQueueIntent.swift */; };
		12CE3D3187C81BB2B5E4CD2A /* ShareCapture.swift in Sources */ = {isa = PBXBuildFile; fileRef = E671C0CC0D00C93642B70220 /* ShareCapture.swift */; };
		166BE8C43B770B9C654F102B /* DeepLinkTests.swift in Sources */ = {isa = PBXBuildFile; fileRef = 4B48A808DCA68C0139134CD6 /* DeepLinkTests.swift */; };
		1A0712D2F8ECCFC13F0EDE70 /* DeepLink.swift in Sources */ = {isa = PBXBuildFile; fileRef = B1FB7F0DD9782F549B2C9A15 /* DeepLink.swift */; };
		1CB6ADBBE67C1CC43CAD1567 /* ThoughtListView.swift in Sources */ = {isa = PBXBuildFile; fileRef = 80292CB55A70B2D45020B300 /* ThoughtListView.swift */; };
		20D9BE4C30D0C63613D9A0CA /* Thought.swift in Sources */ = {isa = PBXBuildFile; fileRef = 23084ED47242BEF2A675DFB4 /* Thought.swift */; };
		2531BDC638031E375F9D4F5A /* ReceptorPrefilled.appex in Embed Foundation Extensions */ = {isa = PBXBuildFile; fileRef = 1983A83485F56EB3AED3F2B5 /* ReceptorPrefilled.appex */; platformFilter = ios; settings = {ATTRIBUTES = (RemoveHeadersOnCopy, ); }; };
		28490520477C12322FD0D18F /* ComposeRouter.swift in Sources */ = {isa = PBXBuildFile; fileRef = 9D4F13BFC39521FA1CAA7180 /* ComposeRouter.swift */; };
		288A62863003E39617FC113F /* ComposeView.swift in Sources */ = {isa = PBXBuildFile; fileRef = 7ECE5D4F5EA65957F8C5C41B /* ComposeView.swift */; };
		2A710094EB23FE9A157C6AB8 /* ConnectionTests.swift in Sources */ = {isa = PBXBuildFile; fileRef = 6983A1F37CD8582DCEF7A299 /* ConnectionTests.swift */; };
		33158AA291D521E465EF3740 /* LoginItemManager.swift in Sources */ = {isa = PBXBuildFile; fileRef = 89187ADDF0DF3E684D3B8814 /* LoginItemManager.swift */; };
		34BB2AF13DE50ACA75926359 /* PrefilledRequestHandler.swift in Sources */ = {isa = PBXBuildFile; fileRef = 53D20DB16DA98BE9181EC783 /* PrefilledRequestHandler.swift */; };
		3E695435484DEBA62E7E316F /* Thought.swift in Sources */ = {isa = PBXBuildFile; fileRef = 23084ED47242BEF2A675DFB4 /* Thought.swift */; };
		43D8F3DCBD5DDAD4AE785F34 /* ReceptorShare.appex in Embed Foundation Extensions */ = {isa = PBXBuildFile; fileRef = 5EA46E42CC45F365CE99E2B8 /* ReceptorShare.appex */; platformFilter = ios; settings = {ATTRIBUTES = (RemoveHeadersOnCopy, ); }; };
		4E194168017D2A9C5625582D /* DebugFileLog.swift in Sources */ = {isa = PBXBuildFile; fileRef = 8EDBB40C7027297E326323AA /* DebugFileLog.swift */; };
		4EA9428C7181CC238D9125D0 /* ExtensionInput.swift in Sources */ = {isa = PBXBuildFile; fileRef = B94936B9104C59E0E30E34EA /* ExtensionInput.swift */; };
		51E12D66C5F2B4DA266335EA /* DeepLink.swift in Sources */ = {isa = PBXBuildFile; fileRef = B1FB7F0DD9782F549B2C9A15 /* DeepLink.swift */; };
		53FC7BD703D8AFBACC38473A /* ExtensionInput.swift in Sources */ = {isa = PBXBuildFile; fileRef = B94936B9104C59E0E30E34EA /* ExtensionInput.swift */; };
		5455D400A18A441DC1C3A1F9 /* CaptureFeedbackTests.swift in Sources */ = {isa = PBXBuildFile; fileRef = 633A2EDA900207F4C6F87800 /* CaptureFeedbackTests.swift */; };
		5D1098140692B77BE4905AC8 /* SyncManager.swift in Sources */ = {isa = PBXBuildFile; fileRef = E258B98228FD8E31A8E02B15 /* SyncManager.swift */; };
		5D7768CAD5AF319538D15E3C /* TokenStore.swift in Sources */ = {isa = PBXBuildFile; fileRef = 966FF18F1AABB5C487F55023 /* TokenStore.swift */; };
		62AF30F85A1272AA10084A89 /* ExtensionInput.swift in Sources */ = {isa = PBXBuildFile; fileRef = B94936B9104C59E0E30E34EA /* ExtensionInput.swift */; };
		64A78D8B46DB58EE95617B93 /* Configuration.swift in Sources */ = {isa = PBXBuildFile; fileRef = 95CD93E76487F0E841146387 /* Configuration.swift */; };
		686560F90C31513881C13D85 /* ReceptorApp.swift in Sources */ = {isa = PBXBuildFile; fileRef = 3A4B21AB558FFE81AA0EEA3E /* ReceptorApp.swift */; };
		6B03D6B263FF73A950EB4D4E /* DeepLink.swift in Sources */ = {isa = PBXBuildFile; fileRef = B1FB7F0DD9782F549B2C9A15 /* DeepLink.swift */; };
		71053417838D50AF9DC2C2A3 /* DebugFileLog.swift in Sources */ = {isa = PBXBuildFile; fileRef = 8EDBB40C7027297E326323AA /* DebugFileLog.swift */; };
		733716ABD7AE4A13C26506AD /* SendRequestHandler.swift in Sources */ = {isa = PBXBuildFile; fileRef = 9CF85D2DB19E9831DF174457 /* SendRequestHandler.swift */; };
		7640BC9265D3A7455A8769CB /* TokenStore.swift in Sources */ = {isa = PBXBuildFile; fileRef = 966FF18F1AABB5C487F55023 /* TokenStore.swift */; };
		80B56D139DF8D238C2D88287 /* Configuration.swift in Sources */ = {isa = PBXBuildFile; fileRef = 95CD93E76487F0E841146387 /* Configuration.swift */; };
		80EB779D9887F045E0D92544 /* TokenStore.swift in Sources */ = {isa = PBXBuildFile; fileRef = 966FF18F1AABB5C487F55023 /* TokenStore.swift */; };
		8B0C0EC7CA43991CF015180E /* Configuration.swift in Sources */ = {isa = PBXBuildFile; fileRef = 95CD93E76487F0E841146387 /* Configuration.swift */; };
		8D1DF4A4CDEF8FE79B873737 /* ExtensionInput.swift in Sources */ = {isa = PBXBuildFile; fileRef = B94936B9104C59E0E30E34EA /* ExtensionInput.swift */; };
		9005532F65DF1551A9505D3E /* Thought.swift in Sources */ = {isa = PBXBuildFile; fileRef = 23084ED47242BEF2A675DFB4 /* Thought.swift */; };
		96516FC56F78FC1FC737D04E /* AppDelegate.swift in Sources */ = {isa = PBXBuildFile; fileRef = 98013471497046BC27D613A0 /* AppDelegate.swift */; };
		A55816108A515F086E1BF007 /* DebugFileLog.swift in Sources */ = {isa = PBXBuildFile; fileRef = 8EDBB40C7027297E326323AA /* DebugFileLog.swift */; };
		AAC3BA5CA74D4A079A38AA14 /* ExtensionAssets.xcassets in Resources */ = {isa = PBXBuildFile; fileRef = 9D8F3CDFD10A1AF3B05B3AD9 /* ExtensionAssets.xcassets */; };
		AFA555E19A361EC4154E6DB2 /* ExtensionAssets.xcassets in Resources */ = {isa = PBXBuildFile; fileRef = 9D8F3CDFD10A1AF3B05B3AD9 /* ExtensionAssets.xcassets */; };
		B084FFFEEA6E15737B282E81 /* ThoughtsTab.swift in Sources */ = {isa = PBXBuildFile; fileRef = 2779FB4DC42CD19A093AE087 /* ThoughtsTab.swift */; };
		BF394531BCAD6C719E75E2BB /* SettingsTab.swift in Sources */ = {isa = PBXBuildFile; fileRef = 5F129A4E09AB4CA1DC2C88D5 /* SettingsTab.swift */; };
		C08973FD443305901F8B452F /* MenuBarView.swift in Sources */ = {isa = PBXBuildFile; fileRef = CC1772787F8F695DE5C7D4A8 /* MenuBarView.swift */; };
		C5672CAB98929A840043FF93 /* Configuration.swift in Sources */ = {isa = PBXBuildFile; fileRef = 95CD93E76487F0E841146387 /* Configuration.swift */; };
		CF4D178F643CB963C450E933 /* ContextViewController.swift in Sources */ = {isa = PBXBuildFile; fileRef = DDBB10C0F3E23D07FB8E4783 /* ContextViewController.swift */; };
		CFFE9E526F72248A172BBBB1 /* ContentView.swift in Sources */ = {isa = PBXBuildFile; fileRef = 4E7D508AACA118077A7E6CF5 /* ContentView.swift */; };
		D6F3FD954479BE4AA9E882EF /* Thought.swift in Sources */ = {isa = PBXBuildFile; fileRef = 23084ED47242BEF2A675DFB4 /* Thought.swift */; };
		D9A8F47A4342B35C837C1DDB /* ShareCapture.swift in Sources */ = {isa = PBXBuildFile; fileRef = E671C0CC0D00C93642B70220 /* ShareCapture.swift */; };
		E2935B682B8AEE9CAE5B272C /* Assets.xcassets in Resources */ = {isa = PBXBuildFile; fileRef = 2B921CCE2F388BD3D81AC234 /* Assets.xcassets */; };
		E5D4EBFE0DA50B5B9A15EF61 /* DebugFileLog.swift in Sources */ = {isa = PBXBuildFile; fileRef = 8EDBB40C7027297E326323AA /* DebugFileLog.swift */; };
		E826EB1003943A57D119CCD2 /* ShareCapture.swift in Sources */ = {isa = PBXBuildFile; fileRef = E671C0CC0D00C93642B70220 /* ShareCapture.swift */; };
		E843A119A8814870D50B6B9F /* ReceptorSend.appex in Embed Foundation Extensions */ = {isa = PBXBuildFile; fileRef = 0F2A6ABB6DD892E07E7D3197 /* ReceptorSend.appex */; platformFilter = ios; settings = {ATTRIBUTES = (RemoveHeadersOnCopy, ); }; };
		EF0F94F568FE3DC7880C8741 /* TokenStore.swift in Sources */ = {isa = PBXBuildFile; fileRef = 966FF18F1AABB5C487F55023 /* TokenStore.swift */; };
		F1E637D3215CF118B8DF0FD2 /* ShareSheetUITests.swift in Sources */ = {isa = PBXBuildFile; fileRef = 24548ED967113E7C032B6E34 /* ShareSheetUITests.swift */; };
		F296E061A6C2DFC57486B1C5 /* DeepLink.swift in Sources */ = {isa = PBXBuildFile; fileRef = B1FB7F0DD9782F549B2C9A15 /* DeepLink.swift */; };
		F2B8AA20B6232731AAD0F000 /* ShareCapture.swift in Sources */ = {isa = PBXBuildFile; fileRef = E671C0CC0D00C93642B70220 /* ShareCapture.swift */; };
		FFDF9D29B07B822E4B7ADAE0 /* CaptureThoughtIntent.swift in Sources */ = {isa = PBXBuildFile; fileRef = 18E8B5DAC90BBD615FEF30EC /* CaptureThoughtIntent.swift */; };
/* End PBXBuildFile section */

/* Begin PBXContainerItemProxy section */
		19AA785C2C73ADEB7F96FC4C /* PBXContainerItemProxy */ = {
			isa = PBXContainerItemProxy;
			containerPortal = 38471458FCF0CD988374BB2B /* Project object */;
			proxyType = 1;
			remoteGlobalIDString = 67BA3C935DD6074CEC79A97D;
			remoteInfo = ReceptorSend;
		};
		6CC566DC3257067E57B24DBA /* PBXContainerItemProxy */ = {
			isa = PBXContainerItemProxy;
			containerPortal = 38471458FCF0CD988374BB2B /* Project object */;
			proxyType = 1;
			remoteGlobalIDString = 9543197537ED740CDF6193C0;
			remoteInfo = ReceptorPrefilled;
		};
		7EC22058D1BBD65C348AB848 /* PBXContainerItemProxy */ = {
			isa = PBXContainerItemProxy;
			containerPortal = 38471458FCF0CD988374BB2B /* Project object */;
			proxyType = 1;
			remoteGlobalIDString = 40F94D06B54829F15A53B99A;
			remoteInfo = ReceptorShare;
		};
		BE74A965E4CED639A2BED39A /* PBXContainerItemProxy */ = {
			isa = PBXContainerItemProxy;
			containerPortal = 38471458FCF0CD988374BB2B /* Project object */;
			proxyType = 1;
			remoteGlobalIDString = A1613EE2C8AE1659970EECE6;
			remoteInfo = Receptor;
		};
		D278E157422D3A367204303B /* PBXContainerItemProxy */ = {
			isa = PBXContainerItemProxy;
			containerPortal = 38471458FCF0CD988374BB2B /* Project object */;
			proxyType = 1;
			remoteGlobalIDString = A1613EE2C8AE1659970EECE6;
			remoteInfo = Receptor;
		};
/* End PBXContainerItemProxy section */

/* Begin PBXCopyFilesBuildPhase section */
		3A6517BA697DC84F984AFBE9 /* Embed Foundation Extensions */ = {
			isa = PBXCopyFilesBuildPhase;
			buildActionMask = 2147483647;
			dstPath = "";
			dstSubfolderSpec = 13;
			files = (
				43D8F3DCBD5DDAD4AE785F34 /* ReceptorShare.appex in Embed Foundation Extensions */,
				E843A119A8814870D50B6B9F /* ReceptorSend.appex in Embed Foundation Extensions */,
				2531BDC638031E375F9D4F5A /* ReceptorPrefilled.appex in Embed Foundation Extensions */,
			);
			name = "Embed Foundation Extensions";
			runOnlyForDeploymentPostprocessing = 0;
		};
/* End PBXCopyFilesBuildPhase section */

/* Begin PBXFileReference section */
		00089947B8366F367A0E8B9A /* Info.plist */ = {isa = PBXFileReference; lastKnownFileType = text.plist; path = Info.plist; sourceTree = "<group>"; };
		024413C3A2895403B040237B /* Info.plist */ = {isa = PBXFileReference; lastKnownFileType = text.plist; path = Info.plist; sourceTree = "<group>"; };
		0F2A6ABB6DD892E07E7D3197 /* ReceptorSend.appex */ = {isa = PBXFileReference; includeInIndex = 0; lastKnownFileType = "wrapper.app-extension"; path = ReceptorSend.appex; sourceTree = BUILT_PRODUCTS_DIR; };
		0FB947A3023E10EE18A9672F /* Receptor.entitlements */ = {isa = PBXFileReference; lastKnownFileType = text.plist.entitlements; path = Receptor.entitlements; sourceTree = "<group>"; };
		1273D28A97C9F1A4D6D262B5 /* Receptor.app */ = {isa = PBXFileReference; includeInIndex = 0; lastKnownFileType = wrapper.application; path = Receptor.app; sourceTree = BUILT_PRODUCTS_DIR; };
		18E8B5DAC90BBD615FEF30EC /* CaptureThoughtIntent.swift */ = {isa = PBXFileReference; lastKnownFileType = sourcecode.swift; path = CaptureThoughtIntent.swift; sourceTree = "<group>"; };
		1983A83485F56EB3AED3F2B5 /* ReceptorPrefilled.appex */ = {isa = PBXFileReference; includeInIndex = 0; lastKnownFileType = "wrapper.app-extension"; path = ReceptorPrefilled.appex; sourceTree = BUILT_PRODUCTS_DIR; };
		1B3C7709DD52C323A9B64431 /* ReceptorTests.xctest */ = {isa = PBXFileReference; includeInIndex = 0; lastKnownFileType = wrapper.cfbundle; path = ReceptorTests.xctest; sourceTree = BUILT_PRODUCTS_DIR; };
		23084ED47242BEF2A675DFB4 /* Thought.swift */ = {isa = PBXFileReference; lastKnownFileType = sourcecode.swift; path = Thought.swift; sourceTree = "<group>"; };
		24548ED967113E7C032B6E34 /* ShareSheetUITests.swift */ = {isa = PBXFileReference; lastKnownFileType = sourcecode.swift; path = ShareSheetUITests.swift; sourceTree = "<group>"; };
		2779FB4DC42CD19A093AE087 /* ThoughtsTab.swift */ = {isa = PBXFileReference; lastKnownFileType = sourcecode.swift; path = ThoughtsTab.swift; sourceTree = "<group>"; };
		2B921CCE2F388BD3D81AC234 /* Assets.xcassets */ = {isa = PBXFileReference; lastKnownFileType = folder.assetcatalog; path = Assets.xcassets; sourceTree = "<group>"; };
		2CF9595BF0FD090A1340A385 /* Info.plist */ = {isa = PBXFileReference; lastKnownFileType = text.plist; path = Info.plist; sourceTree = "<group>"; };
		3A4B21AB558FFE81AA0EEA3E /* ReceptorApp.swift */ = {isa = PBXFileReference; lastKnownFileType = sourcecode.swift; path = ReceptorApp.swift; sourceTree = "<group>"; };
		4B48A808DCA68C0139134CD6 /* DeepLinkTests.swift */ = {isa = PBXFileReference; lastKnownFileType = sourcecode.swift; path = DeepLinkTests.swift; sourceTree = "<group>"; };
		4E7D508AACA118077A7E6CF5 /* ContentView.swift */ = {isa = PBXFileReference; lastKnownFileType = sourcecode.swift; path = ContentView.swift; sourceTree = "<group>"; };
		53D20DB16DA98BE9181EC783 /* PrefilledRequestHandler.swift */ = {isa = PBXFileReference; lastKnownFileType = sourcecode.swift; path = PrefilledRequestHandler.swift; sourceTree = "<group>"; };
		5EA46E42CC45F365CE99E2B8 /* ReceptorShare.appex */ = {isa = PBXFileReference; includeInIndex = 0; lastKnownFileType = "wrapper.app-extension"; path = ReceptorShare.appex; sourceTree = BUILT_PRODUCTS_DIR; };
		5F129A4E09AB4CA1DC2C88D5 /* SettingsTab.swift */ = {isa = PBXFileReference; lastKnownFileType = sourcecode.swift; path = SettingsTab.swift; sourceTree = "<group>"; };
		633A2EDA900207F4C6F87800 /* CaptureFeedbackTests.swift */ = {isa = PBXFileReference; lastKnownFileType = sourcecode.swift; path = CaptureFeedbackTests.swift; sourceTree = "<group>"; };
		6983A1F37CD8582DCEF7A299 /* ConnectionTests.swift */ = {isa = PBXFileReference; lastKnownFileType = sourcecode.swift; path = ConnectionTests.swift; sourceTree = "<group>"; };
		6F054627CEDAE9D7EED1EB0D /* ReceptorUITests.xctest */ = {isa = PBXFileReference; includeInIndex = 0; lastKnownFileType = wrapper.cfbundle; path = ReceptorUITests.xctest; sourceTree = BUILT_PRODUCTS_DIR; };
		76252BF81EEDE5B47F7EE1AF /* Receptor-macOS.entitlements */ = {isa = PBXFileReference; lastKnownFileType = text.plist.entitlements; path = "Receptor-macOS.entitlements"; sourceTree = "<group>"; };
		7ECE5D4F5EA65957F8C5C41B /* ComposeView.swift */ = {isa = PBXFileReference; lastKnownFileType = sourcecode.swift; path = ComposeView.swift; sourceTree = "<group>"; };
		80292CB55A70B2D45020B300 /* ThoughtListView.swift */ = {isa = PBXFileReference; lastKnownFileType = sourcecode.swift; path = ThoughtListView.swift; sourceTree = "<group>"; };
		89187ADDF0DF3E684D3B8814 /* LoginItemManager.swift */ = {isa = PBXFileReference; lastKnownFileType = sourcecode.swift; path = LoginItemManager.swift; sourceTree = "<group>"; };
		8EDBB40C7027297E326323AA /* DebugFileLog.swift */ = {isa = PBXFileReference; lastKnownFileType = sourcecode.swift; path = DebugFileLog.swift; sourceTree = "<group>"; };
		8FBAAAEA6907B4253B04C516 /* QuickCapturePanel.swift */ = {isa = PBXFileReference; lastKnownFileType = sourcecode.swift; path = QuickCapturePanel.swift; sourceTree = "<group>"; };
		95CD93E76487F0E841146387 /* Configuration.swift */ = {isa = PBXFileReference; lastKnownFileType = sourcecode.swift; path = Configuration.swift; sourceTree = "<group>"; };
		966FF18F1AABB5C487F55023 /* TokenStore.swift */ = {isa = PBXFileReference; lastKnownFileType = sourcecode.swift; path = TokenStore.swift; sourceTree = "<group>"; };
		98013471497046BC27D613A0 /* AppDelegate.swift */ = {isa = PBXFileReference; lastKnownFileType = sourcecode.swift; path = AppDelegate.swift; sourceTree = "<group>"; };
		9CF85D2DB19E9831DF174457 /* SendRequestHandler.swift */ = {isa = PBXFileReference; lastKnownFileType = sourcecode.swift; path = SendRequestHandler.swift; sourceTree = "<group>"; };
		9D4F13BFC39521FA1CAA7180 /* ComposeRouter.swift */ = {isa = PBXFileReference; lastKnownFileType = sourcecode.swift; path = ComposeRouter.swift; sourceTree = "<group>"; };
		9D8F3CDFD10A1AF3B05B3AD9 /* ExtensionAssets.xcassets */ = {isa = PBXFileReference; lastKnownFileType = folder.assetcatalog; path = ExtensionAssets.xcassets; sourceTree = "<group>"; };
		A9E7673908D47AA210526BE9 /* ReceptQueueIntent.swift */ = {isa = PBXFileReference; lastKnownFileType = sourcecode.swift; path = ReceptQueueIntent.swift; sourceTree = "<group>"; };
		B1FB7F0DD9782F549B2C9A15 /* DeepLink.swift */ = {isa = PBXFileReference; lastKnownFileType = sourcecode.swift; path = DeepLink.swift; sourceTree = "<group>"; };
		B94936B9104C59E0E30E34EA /* ExtensionInput.swift */ = {isa = PBXFileReference; lastKnownFileType = sourcecode.swift; path = ExtensionInput.swift; sourceTree = "<group>"; };
		CC1772787F8F695DE5C7D4A8 /* MenuBarView.swift */ = {isa = PBXFileReference; lastKnownFileType = sourcecode.swift; path = MenuBarView.swift; sourceTree = "<group>"; };
		D3CFA38C5BE1C95D7ACECF29 /* Info.plist */ = {isa = PBXFileReference; lastKnownFileType = text.plist; path = Info.plist; sourceTree = "<group>"; };
		DDBB10C0F3E23D07FB8E4783 /* ContextViewController.swift */ = {isa = PBXFileReference; lastKnownFileType = sourcecode.swift; path = ContextViewController.swift; sourceTree = "<group>"; };
		E258B98228FD8E31A8E02B15 /* SyncManager.swift */ = {isa = PBXFileReference; lastKnownFileType = sourcecode.swift; path = SyncManager.swift; sourceTree = "<group>"; };
		E671C0CC0D00C93642B70220 /* ShareCapture.swift */ = {isa = PBXFileReference; lastKnownFileType = sourcecode.swift; path = ShareCapture.swift; sourceTree = "<group>"; };
		ED1482A312FEEDFD190EBC0F /* Extension.entitlements */ = {isa = PBXFileReference; lastKnownFileType = text.plist.entitlements; path = Extension.entitlements; sourceTree = "<group>"; };
/* End PBXFileReference section */

/* Begin PBXGroup section */
		03FCA19037C720856F9DB958 /* Intents */ = {
			isa = PBXGroup;
			children = (
				18E8B5DAC90BBD615FEF30EC /* CaptureThoughtIntent.swift */,
				A9E7673908D47AA210526BE9 /* ReceptQueueIntent.swift */,
			);
			path = Intents;
			sourceTree = "<group>";
		};
		0C3CBD4148F81FA069E583C1 /* Receptor */ = {
			isa = PBXGroup;
			children = (
				2B921CCE2F388BD3D81AC234 /* Assets.xcassets */,
				024413C3A2895403B040237B /* Info.plist */,
				76252BF81EEDE5B47F7EE1AF /* Receptor-macOS.entitlements */,
				0FB947A3023E10EE18A9672F /* Receptor.entitlements */,
				3A4B21AB558FFE81AA0EEA3E /* ReceptorApp.swift */,
				03FCA19037C720856F9DB958 /* Intents */,
				5B9A2F1AA4F4103E82CFFDC3 /* macOS */,
				5964B8F9F7E3B496BCAB1AE4 /* Services */,
				7C32130C4010213C9F0EE6E1 /* Views */,
			);
			path = Receptor;
			sourceTree = "<group>";
		};
		0F26D02BD6CB56E31C5A445E /* Products */ = {
			isa = PBXGroup;
			children = (
				1273D28A97C9F1A4D6D262B5 /* Receptor.app */,
				1983A83485F56EB3AED3F2B5 /* ReceptorPrefilled.appex */,
				0F2A6ABB6DD892E07E7D3197 /* ReceptorSend.appex */,
				5EA46E42CC45F365CE99E2B8 /* ReceptorShare.appex */,
				1B3C7709DD52C323A9B64431 /* ReceptorTests.xctest */,
				6F054627CEDAE9D7EED1EB0D /* ReceptorUITests.xctest */,
			);
			name = Products;
			sourceTree = "<group>";
		};
		112FABC81D5E0F25DEF61BD1 /* ReceptorPrefilled */ = {
			isa = PBXGroup;
			children = (
				00089947B8366F367A0E8B9A /* Info.plist */,
				53D20DB16DA98BE9181EC783 /* PrefilledRequestHandler.swift */,
			);
			path = ReceptorPrefilled;
			sourceTree = "<group>";
		};
		2B4486A4F92B280FFCDE2874 /* ReceptorUITests */ = {
			isa = PBXGroup;
			children = (
				24548ED967113E7C032B6E34 /* ShareSheetUITests.swift */,
			);
			path = ReceptorUITests;
			sourceTree = "<group>";
		};
		5964B8F9F7E3B496BCAB1AE4 /* Services */ = {
			isa = PBXGroup;
			children = (
				98013471497046BC27D613A0 /* AppDelegate.swift */,
				E258B98228FD8E31A8E02B15 /* SyncManager.swift */,
			);
			path = Services;
			sourceTree = "<group>";
		};
		5B9A2F1AA4F4103E82CFFDC3 /* macOS */ = {
			isa = PBXGroup;
			children = (
				89187ADDF0DF3E684D3B8814 /* LoginItemManager.swift */,
				CC1772787F8F695DE5C7D4A8 /* MenuBarView.swift */,
				8FBAAAEA6907B4253B04C516 /* QuickCapturePanel.swift */,
			);
			path = macOS;
			sourceTree = "<group>";
		};
		6E6EEB9D650E023F3E8204FA /* ReceptorTests */ = {
			isa = PBXGroup;
			children = (
				633A2EDA900207F4C6F87800 /* CaptureFeedbackTests.swift */,
				6983A1F37CD8582DCEF7A299 /* ConnectionTests.swift */,
				4B48A808DCA68C0139134CD6 /* DeepLinkTests.swift */,
			);
			path = ReceptorTests;
			sourceTree = "<group>";
		};
		7330AC68322B227A5021C6D5 /* ReceptorSend */ = {
			isa = PBXGroup;
			children = (
				D3CFA38C5BE1C95D7ACECF29 /* Info.plist */,
				9CF85D2DB19E9831DF174457 /* SendRequestHandler.swift */,
			);
			path = ReceptorSend;
			sourceTree = "<group>";
		};
		7C32130C4010213C9F0EE6E1 /* Views */ = {
			isa = PBXGroup;
			children = (
				9D4F13BFC39521FA1CAA7180 /* ComposeRouter.swift */,
				7ECE5D4F5EA65957F8C5C41B /* ComposeView.swift */,
				4E7D508AACA118077A7E6CF5 /* ContentView.swift */,
				5F129A4E09AB4CA1DC2C88D5 /* SettingsTab.swift */,
				80292CB55A70B2D45020B300 /* ThoughtListView.swift */,
				2779FB4DC42CD19A093AE087 /* ThoughtsTab.swift */,
			);
			path = Views;
			sourceTree = "<group>";
		};
		9C22C68A630AE3A544AC015F /* ExtensionAssets */ = {
			isa = PBXGroup;
			children = (
				9D8F3CDFD10A1AF3B05B3AD9 /* ExtensionAssets.xcassets */,
			);
			path = ExtensionAssets;
			sourceTree = "<group>";
		};
		C947AE545E4774464B0BA156 /* ReceptorShare */ = {
			isa = PBXGroup;
			children = (
				DDBB10C0F3E23D07FB8E4783 /* ContextViewController.swift */,
				2CF9595BF0FD090A1340A385 /* Info.plist */,
			);
			path = ReceptorShare;
			sourceTree = "<group>";
		};
		E409D339A6DEC5ED0439ED8C /* Shared */ = {
			isa = PBXGroup;
			children = (
				95CD93E76487F0E841146387 /* Configuration.swift */,
				8EDBB40C7027297E326323AA /* DebugFileLog.swift */,
				B1FB7F0DD9782F549B2C9A15 /* DeepLink.swift */,
				ED1482A312FEEDFD190EBC0F /* Extension.entitlements */,
				B94936B9104C59E0E30E34EA /* ExtensionInput.swift */,
				E671C0CC0D00C93642B70220 /* ShareCapture.swift */,
				23084ED47242BEF2A675DFB4 /* Thought.swift */,
				966FF18F1AABB5C487F55023 /* TokenStore.swift */,
			);
			path = Shared;
			sourceTree = "<group>";
		};
		F15706702A9E4B538FF1014E = {
			isa = PBXGroup;
			children = (
				9C22C68A630AE3A544AC015F /* ExtensionAssets */,
				0C3CBD4148F81FA069E583C1 /* Receptor */,
				112FABC81D5E0F25DEF61BD1 /* ReceptorPrefilled */,
				7330AC68322B227A5021C6D5 /* ReceptorSend */,
				C947AE545E4774464B0BA156 /* ReceptorShare */,
				6E6EEB9D650E023F3E8204FA /* ReceptorTests */,
				2B4486A4F92B280FFCDE2874 /* ReceptorUITests */,
				E409D339A6DEC5ED0439ED8C /* Shared */,
				0F26D02BD6CB56E31C5A445E /* Products */,
			);
			sourceTree = "<group>";
		};
/* End PBXGroup section */

/* Begin PBXNativeTarget section */
		40F94D06B54829F15A53B99A /* ReceptorShare */ = {
			isa = PBXNativeTarget;
			buildConfigurationList = 46E5923F1FBD57CB886F55DD /* Build configuration list for PBXNativeTarget "ReceptorShare" */;
			buildPhases = (
				64F6C090BD470DC73A2EB3EB /* Sources */,
				80431C8607CD44F87ACB9191 /* Resources */,
			);
			buildRules = (
			);
			dependencies = (
			);
			name = ReceptorShare;
			packageProductDependencies = (
			);
			productName = ReceptorShare;
			productReference = 5EA46E42CC45F365CE99E2B8 /* ReceptorShare.appex */;
			productType = "com.apple.product-type.app-extension";
		};
		67BA3C935DD6074CEC79A97D /* ReceptorSend */ = {
			isa = PBXNativeTarget;
			buildConfigurationList = 35E79C27C71756309EC87D5B /* Build configuration list for PBXNativeTarget "ReceptorSend" */;
			buildPhases = (
				68281208CF476F8EDFCAE678 /* Sources */,
				99C3FF4144F4FAB8A6C6EA7F /* Resources */,
			);
			buildRules = (
			);
			dependencies = (
			);
			name = ReceptorSend;
			packageProductDependencies = (
			);
			productName = ReceptorSend;
			productReference = 0F2A6ABB6DD892E07E7D3197 /* ReceptorSend.appex */;
			productType = "com.apple.product-type.app-extension";
		};
		81816EAAF34F0EDC089F4095 /* ReceptorTests */ = {
			isa = PBXNativeTarget;
			buildConfigurationList = 88A3022694779FBC2ACB859D /* Build configuration list for PBXNativeTarget "ReceptorTests" */;
			buildPhases = (
				5F92309C07B5AEABF31A9149 /* Sources */,
			);
			buildRules = (
			);
			dependencies = (
				27855945333D0BB6493DE11E /* PBXTargetDependency */,
			);
			name = ReceptorTests;
			packageProductDependencies = (
			);
			productName = ReceptorTests;
			productReference = 1B3C7709DD52C323A9B64431 /* ReceptorTests.xctest */;
			productType = "com.apple.product-type.bundle.unit-test";
		};
		9543197537ED740CDF6193C0 /* ReceptorPrefilled */ = {
			isa = PBXNativeTarget;
			buildConfigurationList = 3010E3A24A93931DA35B3128 /* Build configuration list for PBXNativeTarget "ReceptorPrefilled" */;
			buildPhases = (
				3D47FB626FB2162764C7A1AB /* Sources */,
				4941DC566346CFE9CC8328E3 /* Resources */,
			);
			buildRules = (
			);
			dependencies = (
			);
			name = ReceptorPrefilled;
			packageProductDependencies = (
			);
			productName = ReceptorPrefilled;
			productReference = 1983A83485F56EB3AED3F2B5 /* ReceptorPrefilled.appex */;
			productType = "com.apple.product-type.app-extension";
		};
		A1613EE2C8AE1659970EECE6 /* Receptor */ = {
			isa = PBXNativeTarget;
			buildConfigurationList = 2720017CB4588ABFE91FAF8D /* Build configuration list for PBXNativeTarget "Receptor" */;
			buildPhases = (
				9E1C527B7594C594082BFE3A /* Sources */,
				F9E19F9098475B88A14F7219 /* Resources */,
				3A6517BA697DC84F984AFBE9 /* Embed Foundation Extensions */,
			);
			buildRules = (
			);
			dependencies = (
				BD1D90313E4788D02BFF79B9 /* PBXTargetDependency */,
				C8423AEF5BB9FE460C863AFE /* PBXTargetDependency */,
				4C6A1F48E5FAAA3DE3FF3E0C /* PBXTargetDependency */,
			);
			name = Receptor;
			packageProductDependencies = (
			);
			productName = Receptor;
			productReference = 1273D28A97C9F1A4D6D262B5 /* Receptor.app */;
			productType = "com.apple.product-type.application";
		};
		FE564B9876A7D73866E2DE44 /* ReceptorUITests */ = {
			isa = PBXNativeTarget;
			buildConfigurationList = 4593E18002AC1F939C1F20DE /* Build configuration list for PBXNativeTarget "ReceptorUITests" */;
			buildPhases = (
				0160428DEA2B5A978E4C1B19 /* Sources */,
			);
			buildRules = (
			);
			dependencies = (
				33F038206DB3A4B82ECCC1B3 /* PBXTargetDependency */,
			);
			name = ReceptorUITests;
			packageProductDependencies = (
			);
			productName = ReceptorUITests;
			productReference = 6F054627CEDAE9D7EED1EB0D /* ReceptorUITests.xctest */;
			productType = "com.apple.product-type.bundle.ui-testing";
		};
/* End PBXNativeTarget section */

/* Begin PBXProject section */
		38471458FCF0CD988374BB2B /* Project object */ = {
			isa = PBXProject;
			attributes = {
				BuildIndependentTargetsInParallel = YES;
				LastUpgradeCheck = 2600;
				TargetAttributes = {
					40F94D06B54829F15A53B99A = {
						DevelopmentTeam = "";
						ProvisioningStyle = Automatic;
					};
					67BA3C935DD6074CEC79A97D = {
						DevelopmentTeam = "";
						ProvisioningStyle = Automatic;
					};
					81816EAAF34F0EDC089F4095 = {
						DevelopmentTeam = "";
						ProvisioningStyle = Automatic;
					};
					9543197537ED740CDF6193C0 = {
						DevelopmentTeam = "";
						ProvisioningStyle = Automatic;
					};
					A1613EE2C8AE1659970EECE6 = {
						DevelopmentTeam = "";
						ProvisioningStyle = Automatic;
					};
					FE564B9876A7D73866E2DE44 = {
						DevelopmentTeam = "";
						ProvisioningStyle = Automatic;
						TestTargetID = A1613EE2C8AE1659970EECE6;
					};
				};
			};
			buildConfigurationList = 984B271ABDCF1B69B1A9AE30 /* Build configuration list for PBXProject "Receptor" */;
			compatibilityVersion = "Xcode 14.0";
			developmentRegion = en;
			hasScannedForEncodings = 0;
			knownRegions = (
				Base,
				en,
			);
			mainGroup = F15706702A9E4B538FF1014E;
			minimizedProjectReferenceProxies = 1;
			preferredProjectObjectVersion = 77;
			projectDirPath = "";
			projectRoot = "";
			targets = (
				A1613EE2C8AE1659970EECE6 /* Receptor */,
				9543197537ED740CDF6193C0 /* ReceptorPrefilled */,
				67BA3C935DD6074CEC79A97D /* ReceptorSend */,
				40F94D06B54829F15A53B99A /* ReceptorShare */,
				81816EAAF34F0EDC089F4095 /* ReceptorTests */,
				FE564B9876A7D73866E2DE44 /* ReceptorUITests */,
			);
		};
/* End PBXProject section */

/* Begin PBXResourcesBuildPhase section */
		4941DC566346CFE9CC8328E3 /* Resources */ = {
			isa = PBXResourcesBuildPhase;
			buildActionMask = 2147483647;
			files = (
				AFA555E19A361EC4154E6DB2 /* ExtensionAssets.xcassets in Resources */,
			);
			runOnlyForDeploymentPostprocessing = 0;
		};
		80431C8607CD44F87ACB9191 /* Resources */ = {
			isa = PBXResourcesBuildPhase;
			buildActionMask = 2147483647;
			files = (
				0996149556DD009217EC0E54 /* ExtensionAssets.xcassets in Resources */,
			);
			runOnlyForDeploymentPostprocessing = 0;
		};
		99C3FF4144F4FAB8A6C6EA7F /* Resources */ = {
			isa = PBXResourcesBuildPhase;
			buildActionMask = 2147483647;
			files = (
				AAC3BA5CA74D4A079A38AA14 /* ExtensionAssets.xcassets in Resources */,
			);
			runOnlyForDeploymentPostprocessing = 0;
		};
		F9E19F9098475B88A14F7219 /* Resources */ = {
			isa = PBXResourcesBuildPhase;
			buildActionMask = 2147483647;
			files = (
				E2935B682B8AEE9CAE5B272C /* Assets.xcassets in Resources */,
			);
			runOnlyForDeploymentPostprocessing = 0;
		};
/* End PBXResourcesBuildPhase section */

/* Begin PBXSourcesBuildPhase section */
		0160428DEA2B5A978E4C1B19 /* Sources */ = {
			isa = PBXSourcesBuildPhase;
			buildActionMask = 2147483647;
			files = (
				F1E637D3215CF118B8DF0FD2 /* ShareSheetUITests.swift in Sources */,
			);
			runOnlyForDeploymentPostprocessing = 0;
		};
		3D47FB626FB2162764C7A1AB /* Sources */ = {
			isa = PBXSourcesBuildPhase;
			buildActionMask = 2147483647;
			files = (
				C5672CAB98929A840043FF93 /* Configuration.swift in Sources */,
				E5D4EBFE0DA50B5B9A15EF61 /* DebugFileLog.swift in Sources */,
				6B03D6B263FF73A950EB4D4E /* DeepLink.swift in Sources */,
				62AF30F85A1272AA10084A89 /* ExtensionInput.swift in Sources */,
				34BB2AF13DE50ACA75926359 /* PrefilledRequestHandler.swift in Sources */,
				F2B8AA20B6232731AAD0F000 /* ShareCapture.swift in Sources */,
				D6F3FD954479BE4AA9E882EF /* Thought.swift in Sources */,
				5D7768CAD5AF319538D15E3C /* TokenStore.swift in Sources */,
			);
			runOnlyForDeploymentPostprocessing = 0;
		};
		5F92309C07B5AEABF31A9149 /* Sources */ = {
			isa = PBXSourcesBuildPhase;
			buildActionMask = 2147483647;
			files = (
				5455D400A18A441DC1C3A1F9 /* CaptureFeedbackTests.swift in Sources */,
				2A710094EB23FE9A157C6AB8 /* ConnectionTests.swift in Sources */,
				166BE8C43B770B9C654F102B /* DeepLinkTests.swift in Sources */,
			);
			runOnlyForDeploymentPostprocessing = 0;
		};
		64F6C090BD470DC73A2EB3EB /* Sources */ = {
			isa = PBXSourcesBuildPhase;
			buildActionMask = 2147483647;
			files = (
				8B0C0EC7CA43991CF015180E /* Configuration.swift in Sources */,
				CF4D178F643CB963C450E933 /* ContextViewController.swift in Sources */,
				71053417838D50AF9DC2C2A3 /* DebugFileLog.swift in Sources */,
				1A0712D2F8ECCFC13F0EDE70 /* DeepLink.swift in Sources */,
				8D1DF4A4CDEF8FE79B873737 /* ExtensionInput.swift in Sources */,
				D9A8F47A4342B35C837C1DDB /* ShareCapture.swift in Sources */,
				9005532F65DF1551A9505D3E /* Thought.swift in Sources */,
				80EB779D9887F045E0D92544 /* TokenStore.swift in Sources */,
			);
			runOnlyForDeploymentPostprocessing = 0;
		};
		68281208CF476F8EDFCAE678 /* Sources */ = {
			isa = PBXSourcesBuildPhase;
			buildActionMask = 2147483647;
			files = (
				64A78D8B46DB58EE95617B93 /* Configuration.swift in Sources */,
				A55816108A515F086E1BF007 /* DebugFileLog.swift in Sources */,
				51E12D66C5F2B4DA266335EA /* DeepLink.swift in Sources */,
				53FC7BD703D8AFBACC38473A /* ExtensionInput.swift in Sources */,
				733716ABD7AE4A13C26506AD /* SendRequestHandler.swift in Sources */,
				12CE3D3187C81BB2B5E4CD2A /* ShareCapture.swift in Sources */,
				20D9BE4C30D0C63613D9A0CA /* Thought.swift in Sources */,
				7640BC9265D3A7455A8769CB /* TokenStore.swift in Sources */,
			);
			runOnlyForDeploymentPostprocessing = 0;
		};
		9E1C527B7594C594082BFE3A /* Sources */ = {
			isa = PBXSourcesBuildPhase;
			buildActionMask = 2147483647;
			files = (
				96516FC56F78FC1FC737D04E /* AppDelegate.swift in Sources */,
				FFDF9D29B07B822E4B7ADAE0 /* CaptureThoughtIntent.swift in Sources */,
				28490520477C12322FD0D18F /* ComposeRouter.swift in Sources */,
				288A62863003E39617FC113F /* ComposeView.swift in Sources */,
				80B56D139DF8D238C2D88287 /* Configuration.swift in Sources */,
				CFFE9E526F72248A172BBBB1 /* ContentView.swift in Sources */,
				4E194168017D2A9C5625582D /* DebugFileLog.swift in Sources */,
				F296E061A6C2DFC57486B1C5 /* DeepLink.swift in Sources */,
				4EA9428C7181CC238D9125D0 /* ExtensionInput.swift in Sources */,
				33158AA291D521E465EF3740 /* LoginItemManager.swift in Sources */,
				C08973FD443305901F8B452F /* MenuBarView.swift in Sources */,
				0D001C2D968D153AC7A043F4 /* QuickCapturePanel.swift in Sources */,
				1071450872F7820F1665F7C8 /* ReceptQueueIntent.swift in Sources */,
				686560F90C31513881C13D85 /* ReceptorApp.swift in Sources */,
				BF394531BCAD6C719E75E2BB /* SettingsTab.swift in Sources */,
				E826EB1003943A57D119CCD2 /* ShareCapture.swift in Sources */,
				5D1098140692B77BE4905AC8 /* SyncManager.swift in Sources */,
				3E695435484DEBA62E7E316F /* Thought.swift in Sources */,
				1CB6ADBBE67C1CC43CAD1567 /* ThoughtListView.swift in Sources */,
				B084FFFEEA6E15737B282E81 /* ThoughtsTab.swift in Sources */,
				EF0F94F568FE3DC7880C8741 /* TokenStore.swift in Sources */,
			);
			runOnlyForDeploymentPostprocessing = 0;
		};
/* End PBXSourcesBuildPhase section */

/* Begin PBXTargetDependency section */
		27855945333D0BB6493DE11E /* PBXTargetDependency */ = {
			isa = PBXTargetDependency;
			target = A1613EE2C8AE1659970EECE6 /* Receptor */;
			targetProxy = BE74A965E4CED639A2BED39A /* PBXContainerItemProxy */;
		};
		33F038206DB3A4B82ECCC1B3 /* PBXTargetDependency */ = {
			isa = PBXTargetDependency;
			target = A1613EE2C8AE1659970EECE6 /* Receptor */;
			targetProxy = D278E157422D3A367204303B /* PBXContainerItemProxy */;
		};
		4C6A1F48E5FAAA3DE3FF3E0C /* PBXTargetDependency */ = {
			isa = PBXTargetDependency;
			platformFilter = ios;
			target = 9543197537ED740CDF6193C0 /* ReceptorPrefilled */;
			targetProxy = 6CC566DC3257067E57B24DBA /* PBXContainerItemProxy */;
		};
		BD1D90313E4788D02BFF79B9 /* PBXTargetDependency */ = {
			isa = PBXTargetDependency;
			platformFilter = ios;
			target = 40F94D06B54829F15A53B99A /* ReceptorShare */;
			targetProxy = 7EC22058D1BBD65C348AB848 /* PBXContainerItemProxy */;
		};
		C8423AEF5BB9FE460C863AFE /* PBXTargetDependency */ = {
			isa = PBXTargetDependency;
			platformFilter = ios;
			target = 67BA3C935DD6074CEC79A97D /* ReceptorSend */;
			targetProxy = 19AA785C2C73ADEB7F96FC4C /* PBXContainerItemProxy */;
		};
/* End PBXTargetDependency section */

/* Begin XCBuildConfiguration section */
		01D0F4D94A4E2C8667EF6CCA /* Debug */ = {
			isa = XCBuildConfiguration;
			buildSettings = {
				ASSETCATALOG_COMPILER_APPICON_NAME = AppIcon;
				CODE_SIGN_ENTITLEMENTS = Shared/Extension.entitlements;
				INFOPLIST_FILE = ReceptorShare/Info.plist;
				LD_RUNPATH_SEARCH_PATHS = (
					"$(inherited)",
					"@executable_path/Frameworks",
					"@executable_path/../../Frameworks",
				);
				PRODUCT_BUNDLE_IDENTIFIER = com.alexmiller.receptor.share;
				PRODUCT_NAME = ReceptorShare;
				SDKROOT = iphoneos;
				SUPPORTED_PLATFORMS = "iphoneos iphonesimulator";
				TARGETED_DEVICE_FAMILY = "1,2";
			};
			name = Debug;
		};
		0AC59CEC16FE964EBC579304 /* Debug */ = {
			isa = XCBuildConfiguration;
			buildSettings = {
				ALWAYS_SEARCH_USER_PATHS = NO;
				CLANG_ANALYZER_NONNULL = YES;
				CLANG_ANALYZER_NUMBER_OBJECT_CONVERSION = YES_AGGRESSIVE;
				CLANG_CXX_LANGUAGE_STANDARD = "gnu++14";
				CLANG_CXX_LIBRARY = "libc++";
				CLANG_ENABLE_MODULES = YES;
				CLANG_ENABLE_OBJC_ARC = YES;
				CLANG_ENABLE_OBJC_WEAK = YES;
				CLANG_WARN_BLOCK_CAPTURE_AUTORELEASING = YES;
				CLANG_WARN_BOOL_CONVERSION = YES;
				CLANG_WARN_COMMA = YES;
				CLANG_WARN_CONSTANT_CONVERSION = YES;
				CLANG_WARN_DEPRECATED_OBJC_IMPLEMENTATIONS = YES;
				CLANG_WARN_DIRECT_OBJC_ISA_USAGE = YES_ERROR;
				CLANG_WARN_DOCUMENTATION_COMMENTS = YES;
				CLANG_WARN_EMPTY_BODY = YES;
				CLANG_WARN_ENUM_CONVERSION = YES;
				CLANG_WARN_INFINITE_RECURSION = YES;
				CLANG_WARN_INT_CONVERSION = YES;
				CLANG_WARN_NON_LITERAL_NULL_CONVERSION = YES;
				CLANG_WARN_OBJC_IMPLICIT_RETAIN_SELF = YES;
				CLANG_WARN_OBJC_LITERAL_CONVERSION = YES;
				CLANG_WARN_OBJC_ROOT_CLASS = YES_ERROR;
				CLANG_WARN_QUOTED_INCLUDE_IN_FRAMEWORK_HEADER = YES;
				CLANG_WARN_RANGE_LOOP_ANALYSIS = YES;
				CLANG_WARN_STRICT_PROTOTYPES = YES;
				CLANG_WARN_SUSPICIOUS_MOVE = YES;
				CLANG_WARN_UNGUARDED_AVAILABILITY = YES_AGGRESSIVE;
				CLANG_WARN_UNREACHABLE_CODE = YES;
				CLANG_WARN__DUPLICATE_METHOD_MATCH = YES;
				CODE_SIGN_STYLE = Automatic;
				COPY_PHASE_STRIP = NO;
				CURRENT_PROJECT_VERSION = 1;
				DEBUG_INFORMATION_FORMAT = dwarf;
				DEVELOPMENT_TEAM = "";
				ENABLE_STRICT_OBJC_MSGSEND = YES;
				ENABLE_TESTABILITY = YES;
				GCC_C_LANGUAGE_STANDARD = gnu11;
				GCC_DYNAMIC_NO_PIC = NO;
				GCC_NO_COMMON_BLOCKS = YES;
				GCC_OPTIMIZATION_LEVEL = 0;
				GCC_PREPROCESSOR_DEFINITIONS = (
					"$(inherited)",
					"DEBUG=1",
				);
				GCC_WARN_64_TO_32_BIT_CONVERSION = YES;
				GCC_WARN_ABOUT_RETURN_TYPE = YES_ERROR;
				GCC_WARN_UNDECLARED_SELECTOR = YES;
				GCC_WARN_UNINITIALIZED_AUTOS = YES_AGGRESSIVE;
				GCC_WARN_UNUSED_FUNCTION = YES;
				GCC_WARN_UNUSED_VARIABLE = YES;
				IPHONEOS_DEPLOYMENT_TARGET = 18.0;
				MACOSX_DEPLOYMENT_TARGET = 14.0;
				MARKETING_VERSION = 2.0.3;
				MTL_ENABLE_DEBUG_INFO = INCLUDE_SOURCE;
				MTL_FAST_MATH = YES;
				ONLY_ACTIVE_ARCH = YES;
				PRODUCT_NAME = "$(TARGET_NAME)";
				SWIFT_ACTIVE_COMPILATION_CONDITIONS = DEBUG;
				SWIFT_EMIT_LOC_STRINGS = YES;
				SWIFT_OPTIMIZATION_LEVEL = "-Onone";
				SWIFT_STRICT_CONCURRENCY = complete;
				SWIFT_VERSION = 5.0;
			};
			name = Debug;
		};
		1F24F2D3DF5CE58C79195C68 /* Debug */ = {
			isa = XCBuildConfiguration;
			buildSettings = {
				BUNDLE_LOADER = "$(TEST_HOST)";
				GENERATE_INFOPLIST_FILE = YES;
				LD_RUNPATH_SEARCH_PATHS = (
					"$(inherited)",
					"@executable_path/Frameworks",
					"@loader_path/Frameworks",
				);
				PRODUCT_BUNDLE_IDENTIFIER = com.alexmiller.receptor.tests;
				PRODUCT_NAME = ReceptorTests;
				SDKROOT = iphoneos;
				SUPPORTED_PLATFORMS = "iphoneos iphonesimulator";
				TARGETED_DEVICE_FAMILY = "1,2";
				TEST_HOST = "$(BUILT_PRODUCTS_DIR)/Receptor.app/Receptor";
			};
			name = Debug;
		};
		201200D4DB20D42698F0DC9F /* Debug */ = {
			isa = XCBuildConfiguration;
			buildSettings = {
				BUNDLE_LOADER = "$(TEST_HOST)";
				GENERATE_INFOPLIST_FILE = YES;
				LD_RUNPATH_SEARCH_PATHS = (
					"$(inherited)",
					"@executable_path/Frameworks",
					"@loader_path/Frameworks",
				);
				PRODUCT_BUNDLE_IDENTIFIER = com.alexmiller.receptor.uitests;
				PRODUCT_NAME = ReceptorUITests;
				SDKROOT = iphoneos;
				SUPPORTED_PLATFORMS = "iphoneos iphonesimulator";
				TARGETED_DEVICE_FAMILY = "1,2";
				TEST_TARGET_NAME = Receptor;
			};
			name = Debug;
		};
		29CD01503DA5D3E3B7BEDEE7 /* Debug */ = {
			isa = XCBuildConfiguration;
			buildSettings = {
				ASSETCATALOG_COMPILER_APPICON_NAME = AppIcon;
				CODE_SIGN_ENTITLEMENTS = Shared/Extension.entitlements;
				INFOPLIST_FILE = ReceptorPrefilled/Info.plist;
				LD_RUNPATH_SEARCH_PATHS = (
					"$(inherited)",
					"@executable_path/Frameworks",
					"@executable_path/../../Frameworks",
				);
				PRODUCT_BUNDLE_IDENTIFIER = com.alexmiller.receptor.prefilled;
				PRODUCT_NAME = ReceptorPrefilled;
				SDKROOT = iphoneos;
				SUPPORTED_PLATFORMS = "iphoneos iphonesimulator";
				TARGETED_DEVICE_FAMILY = "1,2";
			};
			name = Debug;
		};
		2F8D01170FC15CBF85566CDC /* Debug */ = {
			isa = XCBuildConfiguration;
			buildSettings = {
				ASSETCATALOG_COMPILER_APPICON_NAME = AppIcon;
				CODE_SIGN_ENTITLEMENTS = Shared/Extension.entitlements;
				INFOPLIST_FILE = ReceptorSend/Info.plist;
				LD_RUNPATH_SEARCH_PATHS = (
					"$(inherited)",
					"@executable_path/Frameworks",
					"@executable_path/../../Frameworks",
				);
				PRODUCT_BUNDLE_IDENTIFIER = com.alexmiller.receptor.send;
				PRODUCT_NAME = ReceptorSend;
				SDKROOT = iphoneos;
				SUPPORTED_PLATFORMS = "iphoneos iphonesimulator";
				TARGETED_DEVICE_FAMILY = "1,2";
			};
			name = Debug;
		};
		45D99625524ED614FEDFBDAB /* Release */ = {
			isa = XCBuildConfiguration;
			buildSettings = {
				ASSETCATALOG_COMPILER_APPICON_NAME = AppIcon;
				CODE_SIGN_ENTITLEMENTS = Shared/Extension.entitlements;
				INFOPLIST_FILE = ReceptorSend/Info.plist;
				LD_RUNPATH_SEARCH_PATHS = (
					"$(inherited)",
					"@executable_path/Frameworks",
					"@executable_path/../../Frameworks",
				);
				PRODUCT_BUNDLE_IDENTIFIER = com.alexmiller.receptor.send;
				PRODUCT_NAME = ReceptorSend;
				"PROVISIONING_PROFILE_SPECIFIER[sdk=iphoneos*]" = "Receptor Send Ad Hoc";
				SDKROOT = iphoneos;
				SUPPORTED_PLATFORMS = "iphoneos iphonesimulator";
				TARGETED_DEVICE_FAMILY = "1,2";
			};
			name = Release;
		};
		4FE7BDBC7F89C79B320FE769 /* Release */ = {
			isa = XCBuildConfiguration;
			buildSettings = {
				ALWAYS_SEARCH_USER_PATHS = NO;
				CLANG_ANALYZER_NONNULL = YES;
				CLANG_ANALYZER_NUMBER_OBJECT_CONVERSION = YES_AGGRESSIVE;
				CLANG_CXX_LANGUAGE_STANDARD = "gnu++14";
				CLANG_CXX_LIBRARY = "libc++";
				CLANG_ENABLE_MODULES = YES;
				CLANG_ENABLE_OBJC_ARC = YES;
				CLANG_ENABLE_OBJC_WEAK = YES;
				CLANG_WARN_BLOCK_CAPTURE_AUTORELEASING = YES;
				CLANG_WARN_BOOL_CONVERSION = YES;
				CLANG_WARN_COMMA = YES;
				CLANG_WARN_CONSTANT_CONVERSION = YES;
				CLANG_WARN_DEPRECATED_OBJC_IMPLEMENTATIONS = YES;
				CLANG_WARN_DIRECT_OBJC_ISA_USAGE = YES_ERROR;
				CLANG_WARN_DOCUMENTATION_COMMENTS = YES;
				CLANG_WARN_EMPTY_BODY = YES;
				CLANG_WARN_ENUM_CONVERSION = YES;
				CLANG_WARN_INFINITE_RECURSION = YES;
				CLANG_WARN_INT_CONVERSION = YES;
				CLANG_WARN_NON_LITERAL_NULL_CONVERSION = YES;
				CLANG_WARN_OBJC_IMPLICIT_RETAIN_SELF = YES;
				CLANG_WARN_OBJC_LITERAL_CONVERSION = YES;
				CLANG_WARN_OBJC_ROOT_CLASS = YES_ERROR;
				CLANG_WARN_QUOTED_INCLUDE_IN_FRAMEWORK_HEADER = YES;
				CLANG_WARN_RANGE_LOOP_ANALYSIS = YES;
				CLANG_WARN_STRICT_PROTOTYPES = YES;
				CLANG_WARN_SUSPICIOUS_MOVE = YES;
				CLANG_WARN_UNGUARDED_AVAILABILITY = YES_AGGRESSIVE;
				CLANG_WARN_UNREACHABLE_CODE = YES;
				CLANG_WARN__DUPLICATE_METHOD_MATCH = YES;
				CODE_SIGN_STYLE = Automatic;
				COPY_PHASE_STRIP = NO;
				CURRENT_PROJECT_VERSION = 1;
				DEBUG_INFORMATION_FORMAT = "dwarf-with-dsym";
				DEVELOPMENT_TEAM = "";
				ENABLE_NS_ASSERTIONS = NO;
				ENABLE_STRICT_OBJC_MSGSEND = YES;
				GCC_C_LANGUAGE_STANDARD = gnu11;
				GCC_NO_COMMON_BLOCKS = YES;
				GCC_WARN_64_TO_32_BIT_CONVERSION = YES;
				GCC_WARN_ABOUT_RETURN_TYPE = YES_ERROR;
				GCC_WARN_UNDECLARED_SELECTOR = YES;
				GCC_WARN_UNINITIALIZED_AUTOS = YES_AGGRESSIVE;
				GCC_WARN_UNUSED_FUNCTION = YES;
				GCC_WARN_UNUSED_VARIABLE = YES;
				IPHONEOS_DEPLOYMENT_TARGET = 18.0;
				MACOSX_DEPLOYMENT_TARGET = 14.0;
				MARKETING_VERSION = 2.0.3;
				MTL_ENABLE_DEBUG_INFO = NO;
				MTL_FAST_MATH = YES;
				PRODUCT_NAME = "$(TARGET_NAME)";
				SWIFT_COMPILATION_MODE = wholemodule;
				SWIFT_EMIT_LOC_STRINGS = YES;
				SWIFT_OPTIMIZATION_LEVEL = "-O";
				SWIFT_STRICT_CONCURRENCY = complete;
				SWIFT_VERSION = 5.0;
			};
			name = Release;
		};
		6858EFC0F96471476021C493 /* Release */ = {
			isa = XCBuildConfiguration;
			buildSettings = {
				ASSETCATALOG_COMPILER_APPICON_NAME = AppIcon;
				ASSETCATALOG_COMPILER_GLOBAL_ACCENT_COLOR_NAME = AccentColor;
				CODE_SIGN_ENTITLEMENTS = Receptor/Receptor.entitlements;
				"CODE_SIGN_ENTITLEMENTS[sdk=macosx*]" = "Receptor/Receptor-macOS.entitlements";
				CODE_SIGN_IDENTITY = "iPhone Developer";
				ENABLE_PREVIEWS = YES;
				INFOPLIST_FILE = Receptor/Info.plist;
				LD_RUNPATH_SEARCH_PATHS = (
					"$(inherited)",
					"@executable_path/Frameworks",
				);
				"LD_RUNPATH_SEARCH_PATHS[sdk=macosx*]" = "$(inherited) @executable_path/../Frameworks";
				PRODUCT_BUNDLE_IDENTIFIER = com.alexmiller.receptor;
				PRODUCT_NAME = Receptor;
				"PROVISIONING_PROFILE_SPECIFIER[sdk=iphoneos*]" = "Receptor Ad Hoc";
				SDKROOT = auto;
				SUPPORTED_PLATFORMS = "iphoneos iphonesimulator macosx";
				SUPPORTS_MACCATALYST = NO;
				SUPPORTS_MAC_DESIGNED_FOR_IPHONE_IPAD = NO;
				SUPPORTS_XR_DESIGNED_FOR_IPHONE_IPAD = YES;
				TARGETED_DEVICE_FAMILY = "1,2";
			};
			name = Release;
		};
		79753AFD56D416C593E6890C /* Debug */ = {
			isa = XCBuildConfiguration;
			buildSettings = {
				ASSETCATALOG_COMPILER_APPICON_NAME = AppIcon;
				ASSETCATALOG_COMPILER_GLOBAL_ACCENT_COLOR_NAME = AccentColor;
				CODE_SIGN_ENTITLEMENTS = Receptor/Receptor.entitlements;
				"CODE_SIGN_ENTITLEMENTS[sdk=macosx*]" = "Receptor/Receptor-macOS.entitlements";
				CODE_SIGN_IDENTITY = "iPhone Developer";
				ENABLE_PREVIEWS = YES;
				INFOPLIST_FILE = Receptor/Info.plist;
				LD_RUNPATH_SEARCH_PATHS = (
					"$(inherited)",
					"@executable_path/Frameworks",
				);
				"LD_RUNPATH_SEARCH_PATHS[sdk=macosx*]" = "$(inherited) @executable_path/../Frameworks";
				PRODUCT_BUNDLE_IDENTIFIER = com.alexmiller.receptor;
				PRODUCT_NAME = Receptor;
				SDKROOT = auto;
				SUPPORTED_PLATFORMS = "iphoneos iphonesimulator macosx";
				SUPPORTS_MACCATALYST = NO;
				SUPPORTS_MAC_DESIGNED_FOR_IPHONE_IPAD = NO;
				SUPPORTS_XR_DESIGNED_FOR_IPHONE_IPAD = YES;
				TARGETED_DEVICE_FAMILY = "1,2";
			};
			name = Debug;
		};
		B8BA6296A1C8BBA6500F289F /* Release */ = {
			isa = XCBuildConfiguration;
			buildSettings = {
				BUNDLE_LOADER = "$(TEST_HOST)";
				GENERATE_INFOPLIST_FILE = YES;
				LD_RUNPATH_SEARCH_PATHS = (
					"$(inherited)",
					"@executable_path/Frameworks",
					"@loader_path/Frameworks",
				);
				PRODUCT_BUNDLE_IDENTIFIER = com.alexmiller.receptor.uitests;
				PRODUCT_NAME = ReceptorUITests;
				SDKROOT = iphoneos;
				SUPPORTED_PLATFORMS = "iphoneos iphonesimulator";
				TARGETED_DEVICE_FAMILY = "1,2";
				TEST_TARGET_NAME = Receptor;
			};
			name = Release;
		};
		EF62C2FBBE79B15A6704D628 /* Release */ = {
			isa = XCBuildConfiguration;
			buildSettings = {
				ASSETCATALOG_COMPILER_APPICON_NAME = AppIcon;
				CODE_SIGN_ENTITLEMENTS = Shared/Extension.entitlements;
				INFOPLIST_FILE = ReceptorShare/Info.plist;
				LD_RUNPATH_SEARCH_PATHS = (
					"$(inherited)",
					"@executable_path/Frameworks",
					"@executable_path/../../Frameworks",
				);
				PRODUCT_BUNDLE_IDENTIFIER = com.alexmiller.receptor.share;
				PRODUCT_NAME = ReceptorShare;
				"PROVISIONING_PROFILE_SPECIFIER[sdk=iphoneos*]" = "Receptor Share Ad Hoc";
				SDKROOT = iphoneos;
				SUPPORTED_PLATFORMS = "iphoneos iphonesimulator";
				TARGETED_DEVICE_FAMILY = "1,2";
			};
			name = Release;
		};
		F521964ED71B81890D0C2BF4 /* Release */ = {
			isa = XCBuildConfiguration;
			buildSettings = {
				ASSETCATALOG_COMPILER_APPICON_NAME = AppIcon;
				CODE_SIGN_ENTITLEMENTS = Shared/Extension.entitlements;
				INFOPLIST_FILE = ReceptorPrefilled/Info.plist;
				LD_RUNPATH_SEARCH_PATHS = (
					"$(inherited)",
					"@executable_path/Frameworks",
					"@executable_path/../../Frameworks",
				);
				PRODUCT_BUNDLE_IDENTIFIER = com.alexmiller.receptor.prefilled;
				PRODUCT_NAME = ReceptorPrefilled;
				"PROVISIONING_PROFILE_SPECIFIER[sdk=iphoneos*]" = "Receptor Prefilled Ad Hoc";
				SDKROOT = iphoneos;
				SUPPORTED_PLATFORMS = "iphoneos iphonesimulator";
				TARGETED_DEVICE_FAMILY = "1,2";
			};
			name = Release;
		};
		FACE69CF6AF88B128DCC56E2 /* Release */ = {
			isa = XCBuildConfiguration;
			buildSettings = {
				BUNDLE_LOADER = "$(TEST_HOST)";
				GENERATE_INFOPLIST_FILE = YES;
				LD_RUNPATH_SEARCH_PATHS = (
					"$(inherited)",
					"@executable_path/Frameworks",
					"@loader_path/Frameworks",
				);
				PRODUCT_BUNDLE_IDENTIFIER = com.alexmiller.receptor.tests;
				PRODUCT_NAME = ReceptorTests;
				SDKROOT = iphoneos;
				SUPPORTED_PLATFORMS = "iphoneos iphonesimulator";
				TARGETED_DEVICE_FAMILY = "1,2";
				TEST_HOST = "$(BUILT_PRODUCTS_DIR)/Receptor.app/Receptor";
			};
			name = Release;
		};
/* End XCBuildConfiguration section */

/* Begin XCConfigurationList section */
		2720017CB4588ABFE91FAF8D /* Build configuration list for PBXNativeTarget "Receptor" */ = {
			isa = XCConfigurationList;
			buildConfigurations = (
				79753AFD56D416C593E6890C /* Debug */,
				6858EFC0F96471476021C493 /* Release */,
			);
			defaultConfigurationIsVisible = 0;
			defaultConfigurationName = Debug;
		};
		3010E3A24A93931DA35B3128 /* Build configuration list for PBXNativeTarget "ReceptorPrefilled" */ = {
			isa = XCConfigurationList;
			buildConfigurations = (
				29CD01503DA5D3E3B7BEDEE7 /* Debug */,
				F521964ED71B81890D0C2BF4 /* Release */,
			);
			defaultConfigurationIsVisible = 0;
			defaultConfigurationName = Debug;
		};
		35E79C27C71756309EC87D5B /* Build configuration list for PBXNativeTarget "ReceptorSend" */ = {
			isa = XCConfigurationList;
			buildConfigurations = (
				2F8D01170FC15CBF85566CDC /* Debug */,
				45D99625524ED614FEDFBDAB /* Release */,
			);
			defaultConfigurationIsVisible = 0;
			defaultConfigurationName = Debug;
		};
		4593E18002AC1F939C1F20DE /* Build configuration list for PBXNativeTarget "ReceptorUITests" */ = {
			isa = XCConfigurationList;
			buildConfigurations = (
				201200D4DB20D42698F0DC9F /* Debug */,
				B8BA6296A1C8BBA6500F289F /* Release */,
			);
			defaultConfigurationIsVisible = 0;
			defaultConfigurationName = Debug;
		};
		46E5923F1FBD57CB886F55DD /* Build configuration list for PBXNativeTarget "ReceptorShare" */ = {
			isa = XCConfigurationList;
			buildConfigurations = (
				01D0F4D94A4E2C8667EF6CCA /* Debug */,
				EF62C2FBBE79B15A6704D628 /* Release */,
			);
			defaultConfigurationIsVisible = 0;
			defaultConfigurationName = Debug;
		};
		88A3022694779FBC2ACB859D /* Build configuration list for PBXNativeTarget "ReceptorTests" */ = {
			isa = XCConfigurationList;
			buildConfigurations = (
				1F24F2D3DF5CE58C79195C68 /* Debug */,
				FACE69CF6AF88B128DCC56E2 /* Release */,
			);
			defaultConfigurationIsVisible = 0;
			defaultConfigurationName = Debug;
		};
		984B271ABDCF1B69B1A9AE30 /* Build configuration list for PBXProject "Receptor" */ = {
			isa = XCConfigurationList;
			buildConfigurations = (
				0AC59CEC16FE964EBC579304 /* Debug */,
				4FE7BDBC7F89C79B320FE769 /* Release */,
			);
			defaultConfigurationIsVisible = 0;
			defaultConfigurationName = Debug;
		};
/* End XCConfigurationList section */
	};
	rootObject = 38471458FCF0CD988374BB2B /* Project object */;
}
